
Microsoft Visual Studio Solution File, Format Version 12.00
# Visual Studio Version 16
VisualStudioVersion = 16.0.29613.14
MinimumVisualStudioVersion = 10.0.40219.1
Project("{9A19103F-16F7-4668-BE54-9A1E7A4F7556}") = "StudentSystem", "StudentSystem\StudentSystem.csproj", "{A31F6534-9B33-42EB-8653-AF7AE069632C}"
EndProject
Project("{9A19103F-16F7-4668-BE54-9A1E7A4F7556}") = "StudentSystem.Services", "StudentSystem.Services\StudentSystem.Services.csproj", "{8B88B3DD-43E7-4693-B958-C529A4628732}"
EndProject
Project("{FAE04EC0-301F-11D3-BF4B-00C04F79EFBC}") = "StudentSystem.Data", "StudentSystem.Data\StudentSystem.Data.csproj", "{015F8C93-5CD6-49CD-AC62-09FAF5BA4F14}"
EndProject
Global
	GlobalSection(SolutionConfigurationPlatforms) = preSolution
		Debug|Any CPU = Debug|Any CPU
		Release|Any CPU = Release|Any CPU
	EndGlobalSection
	GlobalSection(ProjectConfigurationPlatforms) = postSolution
		{A31F6534-9B33-42EB-8653-AF7AE069632C}.Debug|Any CPU.ActiveCfg = Debug|Any CPU
		{A31F6534-9B33-42EB-8653-AF7AE069632C}.Debug|Any CPU.Build.0 = Debug|Any CPU
		{A31F6534-9B33-42EB-8653-AF7AE069632C}.Release|Any CPU.ActiveCfg = Release|Any CPU
		{A31F6534-9B33-42EB-8653-AF7AE069632C}.Release|Any CPU.Build.0 = Release|Any CPU
		{8B88B3DD-43E7-4693-B958-C529A4628732}.Debug|Any CPU.ActiveCfg = Debug|Any CPU
		{8B88B3DD-43E7-4693-B958-C529A4628732}.Debug|Any CPU.Build.0 = Debug|Any CPU
		{8B88B3DD-43E7-4693-B958-C529A4628732}.Release|Any CPU.ActiveCfg = Release|Any CPU
		{8B88B3DD-43E7-4693-B958-C529A4628732}.Release|Any CPU.Build.0 = Release|Any CPU
		{015F8C93-5CD6-49CD-AC62-09FAF5BA4F14}.Debug|Any CPU.ActiveCfg = Debug|Any CPU
		{015F8C93-5CD6-49CD-AC62-09FAF5BA4F14}.Debug|Any CPU.Build.0 = Debug|Any CPU
		{015F8C93-5CD6-49CD-AC62-09FAF5BA4F14}.Release|Any CPU.ActiveCfg = Release|Any CPU
		{015F8C93-5CD6-49CD-AC62-09FAF5BA4F14}.Release|Any CPU.Build.0 = Release|Any CPU
	EndGlobalSection
	GlobalSection(SolutionProperties) = preSolution
		HideSolutionNode = FALSE
	EndGlobalSection
	GlobalSection(ExtensibilityGlobals) = postSolution
		SolutionGuid = {28D4D647-0EA2-4716-AE7A-0B702A48D68E}
	EndGlobalSection
EndGlobal
